// !$*UTF8*$!
{
	archiveVersion = 1;
	classes = {
	};
	objectVersion = 46;
	objects = {

/* Begin PBXBuildFile section */
		18049CBA1CA936DA00CEFC03 /* ZHLineCell.m in Sources */ = {isa = PBXBuildFile; fileRef = 18049CB91CA936DA00CEFC03 /* ZHLineCell.m */; };
		182A59FE1C33EF2000A07705 /* ZHBottomBar.m in Sources */ = {isa = PBXBuildFile; fileRef = 182A59EC1C33EF2000A07705 /* ZHBottomBar.m */; };
		182A59FF1C33EF2000A07705 /* ZHPageBottomBar.m in Sources */ = {isa = PBXBuildFile; fileRef = 182A59EE1C33EF2000A07705 /* ZHPageBottomBar.m */; };
		182A5A001C33EF2000A07705 /* ZHMultiButtonTableViewCell.m in Sources */ = {isa = PBXBuildFile; fileRef = 182A59F11C33EF2000A07705 /* ZHMultiButtonTableViewCell.m */; };
		182A5A011C33EF2000A07705 /* ZHNoteCell.m in Sources */ = {isa = PBXBuildFile; fileRef = 182A59F31C33EF2000A07705 /* ZHNoteCell.m */; };
		182A5A021C33EF2000A07705 /* ZHSearch.m in Sources */ = {isa = PBXBuildFile; fileRef = 182A59F61C33EF2000A07705 /* ZHSearch.m */; };
		182A5A031C33EF2000A07705 /* ZHSearchBar.m in Sources */ = {isa = PBXBuildFile; fileRef = 182A59F81C33EF2000A07705 /* ZHSearchBar.m */; };
		182A5A041C33EF2000A07705 /* ZHHightlightTextView.m in Sources */ = {isa = PBXBuildFile; fileRef = 182A59FB1C33EF2000A07705 /* ZHHightlightTextView.m */; };
		182A5A051C33EF2000A07705 /* ZHTextView.m in Sources */ = {isa = PBXBuildFile; fileRef = 182A59FD1C33EF2000A07705 /* ZHTextView.m */; };
		183A70521C2BC7B70043F552 /* ZHDetailNoteViewController.m in Sources */ = {isa = PBXBuildFile; fileRef = 183A70511C2BC7B70043F552 /* ZHDetailNoteViewController.m */; };
		1855A6E81CC20B7D0034928D /* ZHSignUpTextField.m in Sources */ = {isa = PBXBuildFile; fileRef = 1855A6E71CC20B7D0034928D /* ZHSignUpTextField.m */; };
		185794BD1C1463B10050F62D /* ZHScanEditViewController.m in Sources */ = {isa = PBXBuildFile; fileRef = 185794BC1C1463B10050F62D /* ZHScanEditViewController.m */; };
		185794C01C1467460050F62D /* ZHNewViewController.m in Sources */ = {isa = PBXBuildFile; fileRef = 185794BF1C1467460050F62D /* ZHNewViewController.m */; };
		186D67C91C36A8E7004AA771 /* ZHStickView.m in Sources */ = {isa = PBXBuildFile; fileRef = 186D67C81C36A8E7004AA771 /* ZHStickView.m */; };
		187434241C9FA306001A50FC /* ZHUnLockerViewController.m in Sources */ = {isa = PBXBuildFile; fileRef = 187434231C9FA306001A50FC /* ZHUnLockerViewController.m */; };
		18981A081C0D88BB00D5AE9F /* ZHNote.m in Sources */ = {isa = PBXBuildFile; fileRef = 18981A071C0D88BB00D5AE9F /* ZHNote.m */; };
		18A480201CC22245007271A1 /* ZHUser.m in Sources */ = {isa = PBXBuildFile; fileRef = 18A4801F1CC22245007271A1 /* ZHUser.m */; };
		18A480281CC224F9007271A1 /* ZHUserTool.m in Sources */ = {isa = PBXBuildFile; fileRef = 18A480271CC224F9007271A1 /* ZHUserTool.m */; };
		18B8B84D1CA52B27005A7E4C /* ZHCircleView.m in Sources */ = {isa = PBXBuildFile; fileRef = 18B8B84A1CA52B27005A7E4C /* ZHCircleView.m */; };
		18B8B84E1CA52B27005A7E4C /* ZHLockerView.m in Sources */ = {isa = PBXBuildFile; fileRef = 18B8B84C1CA52B27005A7E4C /* ZHLockerView.m */; };
		18CB3F761CA90036006BEEAA /* ZHLockerSettingViewController.m in Sources */ = {isa = PBXBuildFile; fileRef = 18CB3F751CA90036006BEEAA /* ZHLockerSettingViewController.m */; };
		18CB3F7B1CA90D81006BEEAA /* ZHTipLabel.m in Sources */ = {isa = PBXBuildFile; fileRef = 18CB3F7A1CA90D81006BEEAA /* ZHTipLabel.m */; };
		18CB3F7E1CA91F3F006BEEAA /* ZHPswdManageViewController.m in Sources */ = {isa = PBXBuildFile; fileRef = 18CB3F7D1CA91F3F006BEEAA /* ZHPswdManageViewController.m */; };
		18DE8B741CC3672F00E34305 /* ZHSynchronizeTool.m in Sources */ = {isa = PBXBuildFile; fileRef = 18DE8B731CC3672F00E34305 /* ZHSynchronizeTool.m */; };
		18E510B51CA66CD100B2F157 /* NSDate+ZH.m in Sources */ = {isa = PBXBuildFile; fileRef = 18E510961CA66CD100B2F157 /* NSDate+ZH.m */; };
		18E510B61CA66CD100B2F157 /* NSString+ZH.m in Sources */ = {isa = PBXBuildFile; fileRef = 18E510981CA66CD100B2F157 /* NSString+ZH.m */; };
		18E510B71CA66CD100B2F157 /* FMDatabase.m in Sources */ = {isa = PBXBuildFile; fileRef = 18E5109C1CA66CD100B2F157 /* FMDatabase.m */; };
		18E510B81CA66CD100B2F157 /* FMDatabaseAdditions.m in Sources */ = {isa = PBXBuildFile; fileRef = 18E5109E1CA66CD100B2F157 /* FMDatabaseAdditions.m */; };
		18E510B91CA66CD100B2F157 /* FMDatabasePool.m in Sources */ = {isa = PBXBuildFile; fileRef = 18E510A01CA66CD100B2F157 /* FMDatabasePool.m */; };
		18E510BA1CA66CD100B2F157 /* FMDatabaseQueue.m in Sources */ = {isa = PBXBuildFile; fileRef = 18E510A21CA66CD100B2F157 /* FMDatabaseQueue.m */; };
		18E510BB1CA66CD100B2F157 /* FMResultSet.m in Sources */ = {isa = PBXBuildFile; fileRef = 18E510A51CA66CD100B2F157 /* FMResultSet.m */; };
		18E510BC1CA66CD100B2F157 /* ZHDataUtil.m in Sources */ = {isa = PBXBuildFile; fileRef = 18E510A71CA66CD100B2F157 /* ZHDataUtil.m */; };
		18E510BD1CA66CD100B2F157 /* ZHDBUtil.m in Sources */ = {isa = PBXBuildFile; fileRef = 18E510A91CA66CD100B2F157 /* ZHDBUtil.m */; };
		18E510BE1CA66CD100B2F157 /* ZHHierarchy+ZHViewHierarchy.m in Sources */ = {isa = PBXBuildFile; fileRef = 18E510AC1CA66CD100B2F157 /* ZHHierarchy+ZHViewHierarchy.m */; };
		18E510BF1CA66CD100B2F157 /* ZHHierarchy.m in Sources */ = {isa = PBXBuildFile; fileRef = 18E510AE1CA66CD100B2F157 /* ZHHierarchy.m */; };
		18E510C01CA66CD100B2F157 /* ZHKeyboardJudge.m in Sources */ = {isa = PBXBuildFile; fileRef = 18E510B01CA66CD100B2F157 /* ZHKeyboardJudge.m */; };
		18E510C11CA66CD100B2F157 /* main.m in Sources */ = {isa = PBXBuildFile; fileRef = 18E510B11CA66CD100B2F157 /* main.m */; };
		18E510C21CA66CD100B2F157 /* ZHAppDelegate.m in Sources */ = {isa = PBXBuildFile; fileRef = 18E510B41CA66CD100B2F157 /* ZHAppDelegate.m */; };
		18E510C81CA66E3500B2F157 /* ZHLocker.m in Sources */ = {isa = PBXBuildFile; fileRef = 18E510C71CA66E3500B2F157 /* ZHLocker.m */; };
		18E510E51CA67EF100B2F157 /* ZHSettingViewController.m in Sources */ = {isa = PBXBuildFile; fileRef = 18E510E41CA67EF100B2F157 /* ZHSettingViewController.m */; };
		18E510FA1CA696DD00B2F157 /* ZHLabelCell.m in Sources */ = {isa = PBXBuildFile; fileRef = 18E510F71CA696DD00B2F157 /* ZHLabelCell.m */; };
		18E510FB1CA696DD00B2F157 /* ZHSwitchCell.m in Sources */ = {isa = PBXBuildFile; fileRef = 18E510F91CA696DD00B2F157 /* ZHSwitchCell.m */; };
		18E510FE1CA696F200B2F157 /* ZHLabel.m in Sources */ = {isa = PBXBuildFile; fileRef = 18E510FD1CA696F200B2F157 /* ZHLabel.m */; };
		18EB55021CC1F63400057F98 /* ZHSignupView.m in Sources */ = {isa = PBXBuildFile; fileRef = 18EB55011CC1F63400057F98 /* ZHSignupView.m */; };
		18EB55051CC1F91000057F98 /* ZHBottomLineTextField.m in Sources */ = {isa = PBXBuildFile; fileRef = 18EB55041CC1F91000057F98 /* ZHBottomLineTextField.m */; };
		18EB874F1CCF130D0093DCEA /* ZHSettingViewController.strings in Resources */ = {isa = PBXBuildFile; fileRef = 18EB87511CCF130D0093DCEA /* ZHSettingViewController.strings */; };
		18EB87551CCF1C7D0093DCEA /* ZHLoginViewController.strings in Resources */ = {isa = PBXBuildFile; fileRef = 18EB87571CCF1C7D0093DCEA /* ZHLoginViewController.strings */; };
		18EB875B1CCF1F250093DCEA /* ZHSignupViewController.strings in Resources */ = {isa = PBXBuildFile; fileRef = 18EB875D1CCF1F250093DCEA /* ZHSignupViewController.strings */; };
		18EB87671CCF381F0093DCEA /* ZHLockerSettingViewController.strings in Resources */ = {isa = PBXBuildFile; fileRef = 18EB87691CCF381F0093DCEA /* ZHLockerSettingViewController.strings */; };
		18EB876D1CCF3B210093DCEA /* ZHPswdManageViewController.strings in Resources */ = {isa = PBXBuildFile; fileRef = 18EB876F1CCF3B210093DCEA /* ZHPswdManageViewController.strings */; };
		18EB87731CCF3F900093DCEA /* ZHTableViewController.strings in Resources */ = {isa = PBXBuildFile; fileRef = 18EB87751CCF3F900093DCEA /* ZHTableViewController.strings */; };
		18EDC1901CC5FDCF00337C00 /* UIAlertView+Block.m in Sources */ = {isa = PBXBuildFile; fileRef = 18EDC18F1CC5FDCF00337C00 /* UIAlertView+Block.m */; };
		18EF25DA1C25522100873A68 /* libsqlite3.0.dylib in Frameworks */ = {isa = PBXBuildFile; fileRef = 18EF25D91C25522100873A68 /* libsqlite3.0.dylib */; };
		18F301A11C0D6C4A00D9C398 /* Foundation.framework in Frameworks */ = {isa = PBXBuildFile; fileRef = 18F301A01C0D6C4A00D9C398 /* Foundation.framework */; };
		18F301A31C0D6C4A00D9C398 /* CoreGraphics.framework in Frameworks */ = {isa = PBXBuildFile; fileRef = 18F301A21C0D6C4A00D9C398 /* CoreGraphics.framework */; };
		18F301A51C0D6C4A00D9C398 /* UIKit.framework in Frameworks */ = {isa = PBXBuildFile; fileRef = 18F301A41C0D6C4A00D9C398 /* UIKit.framework */; };
		18F301AB1C0D6C4A00D9C398 /* InfoPlist.strings in Resources */ = {isa = PBXBuildFile; fileRef = 18F301A91C0D6C4A00D9C398 /* InfoPlist.strings */; };
		18F301B31C0D6C4A00D9C398 /* Images.xcassets in Resources */ = {isa = PBXBuildFile; fileRef = 18F301B21C0D6C4A00D9C398 /* Images.xcassets */; };
		18F301BA1C0D6C4A00D9C398 /* XCTest.framework in Frameworks */ = {isa = PBXBuildFile; fileRef = 18F301B91C0D6C4A00D9C398 /* XCTest.framework */; };
		18F301BB1C0D6C4A00D9C398 /* Foundation.framework in Frameworks */ = {isa = PBXBuildFile; fileRef = 18F301A01C0D6C4A00D9C398 /* Foundation.framework */; };
		18F301BC1C0D6C4A00D9C398 /* UIKit.framework in Frameworks */ = {isa = PBXBuildFile; fileRef = 18F301A41C0D6C4A00D9C398 /* UIKit.framework */; };
		18F301C41C0D6C4A00D9C398 /* InfoPlist.strings in Resources */ = {isa = PBXBuildFile; fileRef = 18F301C21C0D6C4A00D9C398 /* InfoPlist.strings */; };
		18F301C61C0D6C4A00D9C398 /* NotesTests.m in Sources */ = {isa = PBXBuildFile; fileRef = 18F301C51C0D6C4A00D9C398 /* NotesTests.m */; };
		18F301E11C0D6ED500D9C398 /* ZHNavigationController.m in Sources */ = {isa = PBXBuildFile; fileRef = 18F301E01C0D6ED500D9C398 /* ZHNavigationController.m */; };
		18F301E41C0D6EFF00D9C398 /* ZHTableViewController.m in Sources */ = {isa = PBXBuildFile; fileRef = 18F301E31C0D6EFF00D9C398 /* ZHTableViewController.m */; };
		18F5C7501CA8F962002F2E9D /* ZHSettingCell.m in Sources */ = {isa = PBXBuildFile; fileRef = 18F5C74F1CA8F962002F2E9D /* ZHSettingCell.m */; };
		18F7089A1CC088C600067AEA /* ZHLoginViewController.m in Sources */ = {isa = PBXBuildFile; fileRef = 18F708991CC088C600067AEA /* ZHLoginViewController.m */; };
		18F7089E1CC08B7800067AEA /* ZHLoginView.m in Sources */ = {isa = PBXBuildFile; fileRef = 18F7089D1CC08B7800067AEA /* ZHLoginView.m */; };
		18F708A11CC0CB6E00067AEA /* ZHTextField.m in Sources */ = {isa = PBXBuildFile; fileRef = 18F708A01CC0CB6E00067AEA /* ZHTextField.m */; };
		18F708A81CC0DFF600067AEA /* MBProgressHUD+MJ.m in Sources */ = {isa = PBXBuildFile; fileRef = 18F708A41CC0DFF600067AEA /* MBProgressHUD+MJ.m */; };
		18F708A91CC0DFF600067AEA /* MBProgressHUD.bundle in Resources */ = {isa = PBXBuildFile; fileRef = 18F708A51CC0DFF600067AEA /* MBProgressHUD.bundle */; };
		18F708AA1CC0DFF600067AEA /* MBProgressHUD.m in Sources */ = {isa = PBXBuildFile; fileRef = 18F708A71CC0DFF600067AEA /* MBProgressHUD.m */; };
		18F708BF1CC0E62800067AEA /* AFHTTPRequestOperation.m in Sources */ = {isa = PBXBuildFile; fileRef = 18F708AD1CC0E62800067AEA /* AFHTTPRequestOperation.m */; };
		18F708C01CC0E62800067AEA /* AFHTTPRequestOperationManager.m in Sources */ = {isa = PBXBuildFile; fileRef = 18F708AF1CC0E62800067AEA /* AFHTTPRequestOperationManager.m */; };
		18F708C11CC0E62800067AEA /* AFHTTPSessionManager.m in Sources */ = {isa = PBXBuildFile; fileRef = 18F708B11CC0E62800067AEA /* AFHTTPSessionManager.m */; };
		18F708C21CC0E62800067AEA /* AFNetworkReachabilityManager.m in Sources */ = {isa = PBXBuildFile; fileRef = 18F708B41CC0E62800067AEA /* AFNetworkReachabilityManager.m */; };
		18F708C31CC0E62800067AEA /* AFSecurityPolicy.m in Sources */ = {isa = PBXBuildFile; fileRef = 18F708B61CC0E62800067AEA /* AFSecurityPolicy.m */; };
		18F708C41CC0E62800067AEA /* AFURLConnectionOperation.m in Sources */ = {isa = PBXBuildFile; fileRef = 18F708B81CC0E62800067AEA /* AFURLConnectionOperation.m */; };
		18F708C51CC0E62800067AEA /* AFURLRequestSerialization.m in Sources */ = {isa = PBXBuildFile; fileRef = 18F708BA1CC0E62800067AEA /* AFURLRequestSerialization.m */; };
		18F708C61CC0E62800067AEA /* AFURLResponseSerialization.m in Sources */ = {isa = PBXBuildFile; fileRef = 18F708BC1CC0E62800067AEA /* AFURLResponseSerialization.m */; };
		18F708C71CC0E62800067AEA /* AFURLSessionManager.m in Sources */ = {isa = PBXBuildFile; fileRef = 18F708BE1CC0E62800067AEA /* AFURLSessionManager.m */; };
		18F708CA1CC0ECB900067AEA /* ZHSignupViewController.m in Sources */ = {isa = PBXBuildFile; fileRef = 18F708C91CC0ECB900067AEA /* ZHSignupViewController.m */; };
		18F70FAC1CC4BA900069A14A /* ZHNetwork.m in Sources */ = {isa = PBXBuildFile; fileRef = 18F70FAB1CC4BA900069A14A /* ZHNetwork.m */; };
/* End PBXBuildFile section */

/* Begin PBXContainerItemProxy section */
		18F301BD1C0D6C4A00D9C398 /* PBXContainerItemProxy */ = {
			isa = PBXContainerItemProxy;
			containerPortal = 18F301951C0D6C4A00D9C398 /* Project object */;
			proxyType = 1;
			remoteGlobalIDString = 18F3019C1C0D6C4A00D9C398;
			remoteInfo = Notes;
		};
/* End PBXContainerItemProxy section */

/* Begin PBXFileReference section */
		18049CB81CA936DA00CEFC03 /* ZHLineCell.h */ = {isa = PBXFileReference; fileEncoding = 4; lastKnownFileType = sourcecode.c.h; path = ZHLineCell.h; sourceTree = "<group>"; };
		18049CB91CA936DA00CEFC03 /* ZHLineCell.m */ = {isa = PBXFileReference; fileEncoding = 4; lastKnownFileType = sourcecode.c.objc; path = ZHLineCell.m; sourceTree = "<group>"; };
		182A59EB1C33EF2000A07705 /* ZHBottomBar.h */ = {isa = PBXFileReference; fileEncoding = 4; lastKnownFileType = sourcecode.c.h; path = ZHBottomBar.h; sourceTree = "<group>"; };
		182A59EC1C33EF2000A07705 /* ZHBottomBar.m */ = {isa = PBXFileReference; fileEncoding = 4; lastKnownFileType = sourcecode.c.objc; path = ZHBottomBar.m; sourceTree = "<group>"; };
		182A59ED1C33EF2000A07705 /* ZHPageBottomBar.h */ = {isa = PBXFileReference; fileEncoding = 4; lastKnownFileType = sourcecode.c.h; path = ZHPageBottomBar.h; sourceTree = "<group>"; };
		182A59EE1C33EF2000A07705 /* ZHPageBottomBar.m */ = {isa = PBXFileReference; fileEncoding = 4; lastKnownFileType = sourcecode.c.objc; path = ZHPageBottomBar.m; sourceTree = "<group>"; };
		182A59F01C33EF2000A07705 /* ZHMultiButtonTableViewCell.h */ = {isa = PBXFileReference; fileEncoding = 4; lastKnownFileType = sourcecode.c.h; path = ZHMultiButtonTableViewCell.h; sourceTree = "<group>"; };
		182A59F11C33EF2000A07705 /* ZHMultiButtonTableViewCell.m */ = {isa = PBXFileReference; fileEncoding = 4; lastKnownFileType = sourcecode.c.objc; path = ZHMultiButtonTableViewCell.m; sourceTree = "<group>"; };
		182A59F21C33EF2000A07705 /* ZHNoteCell.h */ = {isa = PBXFileReference; fileEncoding = 4; lastKnownFileType = sourcecode.c.h; path = ZHNoteCell.h; sourceTree = "<group>"; };
		182A59F31C33EF2000A07705 /* ZHNoteCell.m */ = {isa = PBXFileReference; fileEncoding = 4; lastKnownFileType = sourcecode.c.objc; path = ZHNoteCell.m; sourceTree = "<group>"; };
		182A59F51C33EF2000A07705 /* ZHSearch.h */ = {isa = PBXFileReference; fileEncoding = 4; lastKnownFileType = sourcecode.c.h; path = ZHSearch.h; sourceTree = "<group>"; };
		182A59F61C33EF2000A07705 /* ZHSearch.m */ = {isa = PBXFileReference; fileEncoding = 4; lastKnownFileType = sourcecode.c.objc; path = ZHSearch.m; sourceTree = "<group>"; };
		182A59F71C33EF2000A07705 /* ZHSearchBar.h */ = {isa = PBXFileReference; fileEncoding = 4; lastKnownFileType = sourcecode.c.h; path = ZHSearchBar.h; sourceTree = "<group>"; };
		182A59F81C33EF2000A07705 /* ZHSearchBar.m */ = {isa = PBXFileReference; fileEncoding = 4; lastKnownFileType = sourcecode.c.objc; path = ZHSearchBar.m; sourceTree = "<group>"; };
		182A59FA1C33EF2000A07705 /* ZHHightlightTextView.h */ = {isa = PBXFileReference; fileEncoding = 4; lastKnownFileType = sourcecode.c.h; path = ZHHightlightTextView.h; sourceTree = "<group>"; };
		182A59FB1C33EF2000A07705 /* ZHHightlightTextView.m */ = {isa = PBXFileReference; fileEncoding = 4; lastKnownFileType = sourcecode.c.objc; path = ZHHightlightTextView.m; sourceTree = "<group>"; };
		182A59FC1C33EF2000A07705 /* ZHTextView.h */ = {isa = PBXFileReference; fileEncoding = 4; lastKnownFileType = sourcecode.c.h; path = ZHTextView.h; sourceTree = "<group>"; };
		182A59FD1C33EF2000A07705 /* ZHTextView.m */ = {isa = PBXFileReference; fileEncoding = 4; lastKnownFileType = sourcecode.c.objc; path = ZHTextView.m; sourceTree = "<group>"; };
		183A70501C2BC7B70043F552 /* ZHDetailNoteViewController.h */ = {isa = PBXFileReference; fileEncoding = 4; lastKnownFileType = sourcecode.c.h; path = ZHDetailNoteViewController.h; sourceTree = "<group>"; };
		183A70511C2BC7B70043F552 /* ZHDetailNoteViewController.m */ = {isa = PBXFileReference; fileEncoding = 4; lastKnownFileType = sourcecode.c.objc; path = ZHDetailNoteViewController.m; sourceTree = "<group>"; };
		1855A6E61CC20B7D0034928D /* ZHSignUpTextField.h */ = {isa = PBXFileReference; fileEncoding = 4; lastKnownFileType = sourcecode.c.h; path = ZHSignUpTextField.h; sourceTree = "<group>"; };
		1855A6E71CC20B7D0034928D /* ZHSignUpTextField.m */ = {isa = PBXFileReference; fileEncoding = 4; lastKnownFileType = sourcecode.c.objc; path = ZHSignUpTextField.m; sourceTree = "<group>"; };
		185794BB1C1463B10050F62D /* ZHScanEditViewController.h */ = {isa = PBXFileReference; fileEncoding = 4; lastKnownFileType = sourcecode.c.h; path = ZHScanEditViewController.h; sourceTree = "<group>"; };
		185794BC1C1463B10050F62D /* ZHScanEditViewController.m */ = {isa = PBXFileReference; fileEncoding = 4; lastKnownFileType = sourcecode.c.objc; path = ZHScanEditViewController.m; sourceTree = "<group>"; };
		185794BE1C1467460050F62D /* ZHNewViewController.h */ = {isa = PBXFileReference; fileEncoding = 4; lastKnownFileType = sourcecode.c.h; path = ZHNewViewController.h; sourceTree = "<group>"; };
		185794BF1C1467460050F62D /* ZHNewViewController.m */ = {isa = PBXFileReference; fileEncoding = 4; lastKnownFileType = sourcecode.c.objc; path = ZHNewViewController.m; sourceTree = "<group>"; };
		186D67C71C36A8E7004AA771 /* ZHStickView.h */ = {isa = PBXFileReference; fileEncoding = 4; lastKnownFileType = sourcecode.c.h; path = ZHStickView.h; sourceTree = "<group>"; };
		186D67C81C36A8E7004AA771 /* ZHStickView.m */ = {isa = PBXFileReference; fileEncoding = 4; lastKnownFileType = sourcecode.c.objc; path = ZHStickView.m; sourceTree = "<group>"; };
		187434221C9FA306001A50FC /* ZHUnLockerViewController.h */ = {isa = PBXFileReference; fileEncoding = 4; lastKnownFileType = sourcecode.c.h; path = ZHUnLockerViewController.h; sourceTree = "<group>"; };
		187434231C9FA306001A50FC /* ZHUnLockerViewController.m */ = {isa = PBXFileReference; fileEncoding = 4; lastKnownFileType = sourcecode.c.objc; path = ZHUnLockerViewController.m; sourceTree = "<group>"; };
		18981A061C0D88BB00D5AE9F /* ZHNote.h */ = {isa = PBXFileReference; fileEncoding = 4; lastKnownFileType = sourcecode.c.h; path = ZHNote.h; sourceTree = "<group>"; };
		18981A071C0D88BB00D5AE9F /* ZHNote.m */ = {isa = PBXFileReference; fileEncoding = 4; lastKnownFileType = sourcecode.c.objc; path = ZHNote.m; sourceTree = "<group>"; };
		18A4801E1CC22245007271A1 /* ZHUser.h */ = {isa = PBXFileReference; fileEncoding = 4; lastKnownFileType = sourcecode.c.h; path = ZHUser.h; sourceTree = "<group>"; };
		18A4801F1CC22245007271A1 /* ZHUser.m */ = {isa = PBXFileReference; fileEncoding = 4; lastKnownFileType = sourcecode.c.objc; path = ZHUser.m; sourceTree = "<group>"; };
		18A480261CC224F9007271A1 /* ZHUserTool.h */ = {isa = PBXFileReference; fileEncoding = 4; lastKnownFileType = sourcecode.c.h; path = ZHUserTool.h; sourceTree = "<group>"; };
		18A480271CC224F9007271A1 /* ZHUserTool.m */ = {isa = PBXFileReference; fileEncoding = 4; lastKnownFileType = sourcecode.c.objc; path = ZHUserTool.m; sourceTree = "<group>"; };
		18B8B8491CA52B27005A7E4C /* ZHCircleView.h */ = {isa = PBXFileReference; fileEncoding = 4; lastKnownFileType = sourcecode.c.h; path = ZHCircleView.h; sourceTree = "<group>"; };
		18B8B84A1CA52B27005A7E4C /* ZHCircleView.m */ = {isa = PBXFileReference; fileEncoding = 4; lastKnownFileType = sourcecode.c.objc; path = ZHCircleView.m; sourceTree = "<group>"; };
		18B8B84B1CA52B27005A7E4C /* ZHLockerView.h */ = {isa = PBXFileReference; fileEncoding = 4; lastKnownFileType = sourcecode.c.h; path = ZHLockerView.h; sourceTree = "<group>"; };
		18B8B84C1CA52B27005A7E4C /* ZHLockerView.m */ = {isa = PBXFileReference; fileEncoding = 4; lastKnownFileType = sourcecode.c.objc; path = ZHLockerView.m; sourceTree = "<group>"; };
		18CB3F741CA90036006BEEAA /* ZHLockerSettingViewController.h */ = {isa = PBXFileReference; fileEncoding = 4; lastKnownFileType = sourcecode.c.h; path = ZHLockerSettingViewController.h; sourceTree = "<group>"; };
		18CB3F751CA90036006BEEAA /* ZHLockerSettingViewController.m */ = {isa = PBXFileReference; fileEncoding = 4; lastKnownFileType = sourcecode.c.objc; path = ZHLockerSettingViewController.m; sourceTree = "<group>"; };
		18CB3F791CA90D81006BEEAA /* ZHTipLabel.h */ = {isa = PBXFileReference; fileEncoding = 4; lastKnownFileType = sourcecode.c.h; path = ZHTipLabel.h; sourceTree = "<group>"; };
		18CB3F7A1CA90D81006BEEAA /* ZHTipLabel.m */ = {isa = PBXFileReference; fileEncoding = 4; lastKnownFileType = sourcecode.c.objc; path = ZHTipLabel.m; sourceTree = "<group>"; };
		18CB3F7C1CA91F3F006BEEAA /* ZHPswdManageViewController.h */ = {isa = PBXFileReference; fileEncoding = 4; lastKnownFileType = sourcecode.c.h; path = ZHPswdManageViewController.h; sourceTree = "<group>"; };
		18CB3F7D1CA91F3F006BEEAA /* ZHPswdManageViewController.m */ = {isa = PBXFileReference; fileEncoding = 4; lastKnownFileType = sourcecode.c.objc; path = ZHPswdManageViewController.m; sourceTree = "<group>"; };
		18DE8B721CC3672F00E34305 /* ZHSynchronizeTool.h */ = {isa = PBXFileReference; fileEncoding = 4; lastKnownFileType = sourcecode.c.h; path = ZHSynchronizeTool.h; sourceTree = "<group>"; };
		18DE8B731CC3672F00E34305 /* ZHSynchronizeTool.m */ = {isa = PBXFileReference; fileEncoding = 4; lastKnownFileType = sourcecode.c.objc; path = ZHSynchronizeTool.m; sourceTree = "<group>"; };
		18E510951CA66CD100B2F157 /* NSDate+ZH.h */ = {isa = PBXFileReference; fileEncoding = 4; lastKnownFileType = sourcecode.c.h; path = "NSDate+ZH.h"; sourceTree = "<group>"; };
		18E510961CA66CD100B2F157 /* NSDate+ZH.m */ = {isa = PBXFileReference; fileEncoding = 4; lastKnownFileType = sourcecode.c.objc; path = "NSDate+ZH.m"; sourceTree = "<group>"; };
		18E510971CA66CD100B2F157 /* NSString+ZH.h */ = {isa = PBXFileReference; fileEncoding = 4; lastKnownFileType = sourcecode.c.h; path = "NSString+ZH.h"; sourceTree = "<group>"; };
		18E510981CA66CD100B2F157 /* NSString+ZH.m */ = {isa = PBXFileReference; fileEncoding = 4; lastKnownFileType = sourcecode.c.objc; path = "NSString+ZH.m"; sourceTree = "<group>"; };
		18E5109B1CA66CD100B2F157 /* FMDatabase.h */ = {isa = PBXFileReference; fileEncoding = 4; lastKnownFileType = sourcecode.c.h; path = FMDatabase.h; sourceTree = "<group>"; };
		18E5109C1CA66CD100B2F157 /* FMDatabase.m */ = {isa = PBXFileReference; fileEncoding = 4; lastKnownFileType = sourcecode.c.objc; path = FMDatabase.m; sourceTree = "<group>"; };
		18E5109D1CA66CD100B2F157 /* FMDatabaseAdditions.h */ = {isa = PBXFileReference; fileEncoding = 4; lastKnownFileType = sourcecode.c.h; path = FMDatabaseAdditions.h; sourceTree = "<group>"; };
		18E5109E1CA66CD100B2F157 /* FMDatabaseAdditions.m */ = {isa = PBXFileReference; fileEncoding = 4; lastKnownFileType = sourcecode.c.objc; path = FMDatabaseAdditions.m; sourceTree = "<group>"; };
		18E5109F1CA66CD100B2F157 /* FMDatabasePool.h */ = {isa = PBXFileReference; fileEncoding = 4; lastKnownFileType = sourcecode.c.h; path = FMDatabasePool.h; sourceTree = "<group>"; };
		18E510A01CA66CD100B2F157 /* FMDatabasePool.m */ = {isa = PBXFileReference; fileEncoding = 4; lastKnownFileType = sourcecode.c.objc; path = FMDatabasePool.m; sourceTree = "<group>"; };
		18E510A11CA66CD100B2F157 /* FMDatabaseQueue.h */ = {isa = PBXFileReference; fileEncoding = 4; lastKnownFileType = sourcecode.c.h; path = FMDatabaseQueue.h; sourceTree = "<group>"; };
		18E510A21CA66CD100B2F157 /* FMDatabaseQueue.m */ = {isa = PBXFileReference; fileEncoding = 4; lastKnownFileType = sourcecode.c.objc; path = FMDatabaseQueue.m; sourceTree = "<group>"; };
		18E510A31CA66CD100B2F157 /* FMDB.h */ = {isa = PBXFileReference; fileEncoding = 4; lastKnownFileType = sourcecode.c.h; path = FMDB.h; sourceTree = "<group>"; };
		18E510A41CA66CD100B2F157 /* FMResultSet.h */ = {isa = PBXFileReference; fileEncoding = 4; lastKnownFileType = sourcecode.c.h; path = FMResultSet.h; sourceTree = "<group>"; };
		18E510A51CA66CD100B2F157 /* FMResultSet.m */ = {isa = PBXFileReference; fileEncoding = 4; lastKnownFileType = sourcecode.c.objc; path = FMResultSet.m; sourceTree = "<group>"; };
		18E510A61CA66CD100B2F157 /* ZHDataUtil.h */ = {isa = PBXFileReference; fileEncoding = 4; lastKnownFileType = sourcecode.c.h; path = ZHDataUtil.h; sourceTree = "<group>"; };
		18E510A71CA66CD100B2F157 /* ZHDataUtil.m */ = {isa = PBXFileReference; fileEncoding = 4; lastKnownFileType = sourcecode.c.objc; path = ZHDataUtil.m; sourceTree = "<group>"; };
		18E510A81CA66CD100B2F157 /* ZHDBUtil.h */ = {isa = PBXFileReference; fileEncoding = 4; lastKnownFileType = sourcecode.c.h; path = ZHDBUtil.h; sourceTree = "<group>"; };
		18E510A91CA66CD100B2F157 /* ZHDBUtil.m */ = {isa = PBXFileReference; fileEncoding = 4; lastKnownFileType = sourcecode.c.objc; path = ZHDBUtil.m; sourceTree = "<group>"; };
		18E510AB1CA66CD100B2F157 /* ZHHierarchy+ZHViewHierarchy.h */ = {isa = PBXFileReference; fileEncoding = 4; lastKnownFileType = sourcecode.c.h; path = "ZHHierarchy+ZHViewHierarchy.h"; sourceTree = "<group>"; };
		18E510AC1CA66CD100B2F157 /* ZHHierarchy+ZHViewHierarchy.m */ = {isa = PBXFileReference; fileEncoding = 4; lastKnownFileType = sourcecode.c.objc; path = "ZHHierarchy+ZHViewHierarchy.m"; sourceTree = "<group>"; };
		18E510AD1CA66CD100B2F157 /* ZHHierarchy.h */ = {isa = PBXFileReference; fileEncoding = 4; lastKnownFileType = sourcecode.c.h; path = ZHHierarchy.h; sourceTree = "<group>"; };
		18E510AE1CA66CD100B2F157 /* ZHHierarchy.m */ = {isa = PBXFileReference; fileEncoding = 4; lastKnownFileType = sourcecode.c.objc; path = ZHHierarchy.m; sourceTree = "<group>"; };
		18E510AF1CA66CD100B2F157 /* ZHKeyboardJudge.h */ = {isa = PBXFileReference; fileEncoding = 4; lastKnownFileType = sourcecode.c.h; path = ZHKeyboardJudge.h; sourceTree = "<group>"; };
		18E510B01CA66CD100B2F157 /* ZHKeyboardJudge.m */ = {isa = PBXFileReference; fileEncoding = 4; lastKnownFileType = sourcecode.c.objc; path = ZHKeyboardJudge.m; sourceTree = "<group>"; };
		18E510B11CA66CD100B2F157 /* main.m */ = {isa = PBXFileReference; fileEncoding = 4; lastKnownFileType = sourcecode.c.objc; path = main.m; sourceTree = "<group>"; };
		18E510B21CA66CD100B2F157 /* Notes-Prefix.pch */ = {isa = PBXFileReference; fileEncoding = 4; lastKnownFileType = sourcecode.c.h; path = "Notes-Prefix.pch"; sourceTree = "<group>"; };
		18E510B31CA66CD100B2F157 /* ZHAppDelegate.h */ = {isa = PBXFileReference; fileEncoding = 4; lastKnownFileType = sourcecode.c.h; path = ZHAppDelegate.h; sourceTree = "<group>"; };
		18E510B41CA66CD100B2F157 /* ZHAppDelegate.m */ = {isa = PBXFileReference; fileEncoding = 4; lastKnownFileType = sourcecode.c.objc; path = ZHAppDelegate.m; sourceTree = "<group>"; };
		18E510C61CA66E3500B2F157 /* ZHLocker.h */ = {isa = PBXFileReference; fileEncoding = 4; lastKnownFileType = sourcecode.c.h; path = ZHLocker.h; sourceTree = "<group>"; };
		18E510C71CA66E3500B2F157 /* ZHLocker.m */ = {isa = PBXFileReference; fileEncoding = 4; lastKnownFileType = sourcecode.c.objc; path = ZHLocker.m; sourceTree = "<group>"; };
		18E510E31CA67EF100B2F157 /* ZHSettingViewController.h */ = {isa = PBXFileReference; fileEncoding = 4; lastKnownFileType = sourcecode.c.h; path = ZHSettingViewController.h; sourceTree = "<group>"; };
		18E510E41CA67EF100B2F157 /* ZHSettingViewController.m */ = {isa = PBXFileReference; fileEncoding = 4; lastKnownFileType = sourcecode.c.objc; path = ZHSettingViewController.m; sourceTree = "<group>"; };
		18E510F61CA696DD00B2F157 /* ZHLabelCell.h */ = {isa = PBXFileReference; fileEncoding = 4; lastKnownFileType = sourcecode.c.h; path = ZHLabelCell.h; sourceTree = "<group>"; };
		18E510F71CA696DD00B2F157 /* ZHLabelCell.m */ = {isa = PBXFileReference; fileEncoding = 4; lastKnownFileType = sourcecode.c.objc; path = ZHLabelCell.m; sourceTree = "<group>"; };
		18E510F81CA696DD00B2F157 /* ZHSwitchCell.h */ = {isa = PBXFileReference; fileEncoding = 4; lastKnownFileType = sourcecode.c.h; path = ZHSwitchCell.h; sourceTree = "<group>"; };
		18E510F91CA696DD00B2F157 /* ZHSwitchCell.m */ = {isa = PBXFileReference; fileEncoding = 4; lastKnownFileType = sourcecode.c.objc; path = ZHSwitchCell.m; sourceTree = "<group>"; };
		18E510FC1CA696F200B2F157 /* ZHLabel.h */ = {isa = PBXFileReference; fileEncoding = 4; lastKnownFileType = sourcecode.c.h; path = ZHLabel.h; sourceTree = "<group>"; };
		18E510FD1CA696F200B2F157 /* ZHLabel.m */ = {isa = PBXFileReference; fileEncoding = 4; lastKnownFileType = sourcecode.c.objc; path = ZHLabel.m; sourceTree = "<group>"; };
		18EB55001CC1F63400057F98 /* ZHSignupView.h */ = {isa = PBXFileReference; fileEncoding = 4; lastKnownFileType = sourcecode.c.h; path = ZHSignupView.h; sourceTree = "<group>"; };
		18EB55011CC1F63400057F98 /* ZHSignupView.m */ = {isa = PBXFileReference; fileEncoding = 4; lastKnownFileType = sourcecode.c.objc; path = ZHSignupView.m; sourceTree = "<group>"; };
		18EB55031CC1F91000057F98 /* ZHBottomLineTextField.h */ = {isa = PBXFileReference; fileEncoding = 4; lastKnownFileType = sourcecode.c.h; path = ZHBottomLineTextField.h; sourceTree = "<group>"; };
		18EB55041CC1F91000057F98 /* ZHBottomLineTextField.m */ = {isa = PBXFileReference; fileEncoding = 4; lastKnownFileType = sourcecode.c.objc; path = ZHBottomLineTextField.m; sourceTree = "<group>"; };
		18EB874B1CCF04330093DCEA /* zh-Hans */ = {isa = PBXFileReference; lastKnownFileType = text.plist.strings; name = "zh-Hans"; path = "zh-Hans.lproj/InfoPlist.strings"; sourceTree = "<group>"; };
		18EB874C1CCF04330093DCEA /* zh-Hans */ = {isa = PBXFileReference; lastKnownFileType = text.plist.strings; name = "zh-Hans"; path = "zh-Hans.lproj/InfoPlist.strings"; sourceTree = "<group>"; };
		18EB87501CCF130D0093DCEA /* en */ = {isa = PBXFileReference; lastKnownFileType = text.plist.strings; name = en; path = en.lproj/ZHSettingViewController.strings; sourceTree = "<group>"; };
		18EB87521CCF13100093DCEA /* zh-Hans */ = {isa = PBXFileReference; lastKnownFileType = text.plist.strings; name = "zh-Hans"; path = "zh-Hans.lproj/ZHSettingViewController.strings"; sourceTree = "<group>"; };
		18EB87561CCF1C7D0093DCEA /* en */ = {isa = PBXFileReference; lastKnownFileType = text.plist.strings; name = en; path = en.lproj/ZHLoginViewController.strings; sourceTree = "<group>"; };
		18EB87581CCF1C7F0093DCEA /* zh-Hans */ = {isa = PBXFileReference; lastKnownFileType = text.plist.strings; name = "zh-Hans"; path = "zh-Hans.lproj/ZHLoginViewController.strings"; sourceTree = "<group>"; };
		18EB875C1CCF1F250093DCEA /* en */ = {isa = PBXFileReference; lastKnownFileType = text.plist.strings; name = en; path = en.lproj/ZHSignupViewController.strings; sourceTree = "<group>"; };
		18EB875E1CCF1F2A0093DCEA /* zh-Hans */ = {isa = PBXFileReference; lastKnownFileType = text.plist.strings; name = "zh-Hans"; path = "zh-Hans.lproj/ZHSignupViewController.strings"; sourceTree = "<group>"; };
		18EB87681CCF381F0093DCEA /* en */ = {isa = PBXFileReference; lastKnownFileType = text.plist.strings; name = en; path = en.lproj/ZHLockerSettingViewController.strings; sourceTree = "<group>"; };
		18EB876A1CCF38210093DCEA /* zh-Hans */ = {isa = PBXFileReference; lastKnownFileType = text.plist.strings; name = "zh-Hans"; path = "zh-Hans.lproj/ZHLockerSettingViewController.strings"; sourceTree = "<group>"; };
		18EB876E1CCF3B210093DCEA /* en */ = {isa = PBXFileReference; lastKnownFileType = text.plist.strings; name = en; path = en.lproj/ZHPswdManageViewController.strings; sourceTree = "<group>"; };
		18EB87701CCF3B240093DCEA /* zh-Hans */ = {isa = PBXFileReference; lastKnownFileType = text.plist.strings; name = "zh-Hans"; path = "zh-Hans.lproj/ZHPswdManageViewController.strings"; sourceTree = "<group>"; };
		18EB87741CCF3F900093DCEA /* en */ = {isa = PBXFileReference; lastKnownFileType = text.plist.strings; name = en; path = en.lproj/ZHTableViewController.strings; sourceTree = "<group>"; };
		18EB87761CCF3F920093DCEA /* zh-Hans */ = {isa = PBXFileReference; lastKnownFileType = text.plist.strings; name = "zh-Hans"; path = "zh-Hans.lproj/ZHTableViewController.strings"; sourceTree = "<group>"; };
		18EDC18E1CC5FDCF00337C00 /* UIAlertView+Block.h */ = {isa = PBXFileReference; fileEncoding = 4; lastKnownFileType = sourcecode.c.h; path = "UIAlertView+Block.h"; sourceTree = "<group>"; };
		18EDC18F1CC5FDCF00337C00 /* UIAlertView+Block.m */ = {isa = PBXFileReference; fileEncoding = 4; lastKnownFileType = sourcecode.c.objc; path = "UIAlertView+Block.m"; sourceTree = "<group>"; };
		18EF25D91C25522100873A68 /* libsqlite3.0.dylib */ = {isa = PBXFileReference; lastKnownFileType = "compiled.mach-o.dylib"; name = libsqlite3.0.dylib; path = usr/lib/libsqlite3.0.dylib; sourceTree = SDKROOT; };
		18F3019D1C0D6C4A00D9C398 /* Notes.app */ = {isa = PBXFileReference; explicitFileType = wrapper.application; includeInIndex = 0; path = Notes.app; sourceTree = BUILT_PRODUCTS_DIR; };
		18F301A01C0D6C4A00D9C398 /* Foundation.framework */ = {isa = PBXFileReference; lastKnownFileType = wrapper.framework; name = Foundation.framework; path = System/Library/Frameworks/Foundation.framework; sourceTree = SDKROOT; };
		18F301A21C0D6C4A00D9C398 /* CoreGraphics.framework */ = {isa = PBXFileReference; lastKnownFileType = wrapper.framework; name = CoreGraphics.framework; path = System/Library/Frameworks/CoreGraphics.framework; sourceTree = SDKROOT; };
		18F301A41C0D6C4A00D9C398 /* UIKit.framework */ = {isa = PBXFileReference; lastKnownFileType = wrapper.framework; name = UIKit.framework; path = System/Library/Frameworks/UIKit.framework; sourceTree = SDKROOT; };
		18F301A81C0D6C4A00D9C398 /* Notes-Info.plist */ = {isa = PBXFileReference; lastKnownFileType = text.plist.xml; path = "Notes-Info.plist"; sourceTree = "<group>"; };
		18F301AA1C0D6C4A00D9C398 /* en */ = {isa = PBXFileReference; lastKnownFileType = text.plist.strings; name = en; path = en.lproj/InfoPlist.strings; sourceTree = "<group>"; };
		18F301B21C0D6C4A00D9C398 /* Images.xcassets */ = {isa = PBXFileReference; lastKnownFileType = folder.assetcatalog; path = Images.xcassets; sourceTree = "<group>"; };
		18F301B81C0D6C4A00D9C398 /* NotesTests.xctest */ = {isa = PBXFileReference; explicitFileType = wrapper.cfbundle; includeInIndex = 0; path = NotesTests.xctest; sourceTree = BUILT_PRODUCTS_DIR; };
		18F301B91C0D6C4A00D9C398 /* XCTest.framework */ = {isa = PBXFileReference; lastKnownFileType = wrapper.framework; name = XCTest.framework; path = Library/Frameworks/XCTest.framework; sourceTree = DEVELOPER_DIR; };
		18F301C11C0D6C4A00D9C398 /* NotesTests-Info.plist */ = {isa = PBXFileReference; lastKnownFileType = text.plist.xml; path = "NotesTests-Info.plist"; sourceTree = "<group>"; };
		18F301C31C0D6C4A00D9C398 /* en */ = {isa = PBXFileReference; lastKnownFileType = text.plist.strings; name = en; path = en.lproj/InfoPlist.strings; sourceTree = "<group>"; };
		18F301C51C0D6C4A00D9C398 /* NotesTests.m */ = {isa = PBXFileReference; lastKnownFileType = sourcecode.c.objc; path = NotesTests.m; sourceTree = "<group>"; };
		18F301DF1C0D6ED500D9C398 /* ZHNavigationController.h */ = {isa = PBXFileReference; fileEncoding = 4; lastKnownFileType = sourcecode.c.h; path = ZHNavigationController.h; sourceTree = "<group>"; };
		18F301E01C0D6ED500D9C398 /* ZHNavigationController.m */ = {isa = PBXFileReference; fileEncoding = 4; lastKnownFileType = sourcecode.c.objc; path = ZHNavigationController.m; sourceTree = "<group>"; };
		18F301E21C0D6EFF00D9C398 /* ZHTableViewController.h */ = {isa = PBXFileReference; fileEncoding = 4; lastKnownFileType = sourcecode.c.h; path = ZHTableViewController.h; sourceTree = "<group>"; };
		18F301E31C0D6EFF00D9C398 /* ZHTableViewController.m */ = {isa = PBXFileReference; fileEncoding = 4; lastKnownFileType = sourcecode.c.objc; path = ZHTableViewController.m; sourceTree = "<group>"; };
		18F5C74E1CA8F962002F2E9D /* ZHSettingCell.h */ = {isa = PBXFileReference; fileEncoding = 4; lastKnownFileType = sourcecode.c.h; path = ZHSettingCell.h; sourceTree = "<group>"; };
		18F5C74F1CA8F962002F2E9D /* ZHSettingCell.m */ = {isa = PBXFileReference; fileEncoding = 4; lastKnownFileType = sourcecode.c.objc; path = ZHSettingCell.m; sourceTree = "<group>"; };
		18F708981CC088C600067AEA /* ZHLoginViewController.h */ = {isa = PBXFileReference; fileEncoding = 4; lastKnownFileType = sourcecode.c.h; path = ZHLoginViewController.h; sourceTree = "<group>"; };
		18F708991CC088C600067AEA /* ZHLoginViewController.m */ = {isa = PBXFileReference; fileEncoding = 4; lastKnownFileType = sourcecode.c.objc; path = ZHLoginViewController.m; sourceTree = "<group>"; };
		18F7089C1CC08B7800067AEA /* ZHLoginView.h */ = {isa = PBXFileReference; fileEncoding = 4; lastKnownFileType = sourcecode.c.h; path = ZHLoginView.h; sourceTree = "<group>"; };
		18F7089D1CC08B7800067AEA /* ZHLoginView.m */ = {isa = PBXFileReference; fileEncoding = 4; lastKnownFileType = sourcecode.c.objc; path = ZHLoginView.m; sourceTree = "<group>"; };
		18F7089F1CC0CB6E00067AEA /* ZHTextField.h */ = {isa = PBXFileReference; fileEncoding = 4; lastKnownFileType = sourcecode.c.h; path = ZHTextField.h; sourceTree = "<group>"; };
		18F708A01CC0CB6E00067AEA /* ZHTextField.m */ = {isa = PBXFileReference; fileEncoding = 4; lastKnownFileType = sourcecode.c.objc; path = ZHTextField.m; sourceTree = "<group>"; };
		18F708A31CC0DFF600067AEA /* MBProgressHUD+MJ.h */ = {isa = PBXFileReference; fileEncoding = 4; lastKnownFileType = sourcecode.c.h; path = "MBProgressHUD+MJ.h"; sourceTree = "<group>"; };
		18F708A41CC0DFF600067AEA /* MBProgressHUD+MJ.m */ = {isa = PBXFileReference; fileEncoding = 4; lastKnownFileType = sourcecode.c.objc; path = "MBProgressHUD+MJ.m"; sourceTree = "<group>"; };
		18F708A51CC0DFF600067AEA /* MBProgressHUD.bundle */ = {isa = PBXFileReference; lastKnownFileType = "wrapper.plug-in"; path = MBProgressHUD.bundle; sourceTree = "<group>"; };
		18F708A61CC0DFF600067AEA /* MBProgressHUD.h */ = {isa = PBXFileReference; fileEncoding = 4; lastKnownFileType = sourcecode.c.h; path = MBProgressHUD.h; sourceTree = "<group>"; };
		18F708A71CC0DFF600067AEA /* MBProgressHUD.m */ = {isa = PBXFileReference; fileEncoding = 4; lastKnownFileType = sourcecode.c.objc; path = MBProgressHUD.m; sourceTree = "<group>"; };
		18F708AC1CC0E62800067AEA /* AFHTTPRequestOperation.h */ = {isa = PBXFileReference; fileEncoding = 4; lastKnownFileType = sourcecode.c.h; path = AFHTTPRequestOperation.h; sourceTree = "<group>"; };
		18F708AD1CC0E62800067AEA /* AFHTTPRequestOperation.m */ = {isa = PBXFileReference; fileEncoding = 4; lastKnownFileType = sourcecode.c.objc; path = AFHTTPRequestOperation.m; sourceTree = "<group>"; };
		18F708AE1CC0E62800067AEA /* AFHTTPRequestOperationManager.h */ = {isa = PBXFileReference; fileEncoding = 4; lastKnownFileType = sourcecode.c.h; path = AFHTTPRequestOperationManager.h; sourceTree = "<group>"; };
		18F708AF1CC0E62800067AEA /* AFHTTPRequestOperationManager.m */ = {isa = PBXFileReference; fileEncoding = 4; lastKnownFileType = sourcecode.c.objc; path = AFHTTPRequestOperationManager.m; sourceTree = "<group>"; };
		18F708B01CC0E62800067AEA /* AFHTTPSessionManager.h */ = {isa = PBXFileReference; fileEncoding = 4; lastKnownFileType = sourcecode.c.h; path = AFHTTPSessionManager.h; sourceTree = "<group>"; };
		18F708B11CC0E62800067AEA /* AFHTTPSessionManager.m */ = {isa = PBXFileReference; fileEncoding = 4; lastKnownFileType = sourcecode.c.objc; path = AFHTTPSessionManager.m; sourceTree = "<group>"; };
		18F708B21CC0E62800067AEA /* AFNetworking.h */ = {isa = PBXFileReference; fileEncoding = 4; lastKnownFileType = sourcecode.c.h; path = AFNetworking.h; sourceTree = "<group>"; };
		18F708B31CC0E62800067AEA /* AFNetworkReachabilityManager.h */ = {isa = PBXFileReference; fileEncoding = 4; lastKnownFileType = sourcecode.c.h; path = AFNetworkReachabilityManager.h; sourceTree = "<group>"; };
		18F708B41CC0E62800067AEA /* AFNetworkReachabilityManager.m */ = {isa = PBXFileReference; fileEncoding = 4; lastKnownFileType = sourcecode.c.objc; path = AFNetworkReachabilityManager.m; sourceTree = "<group>"; };
		18F708B51CC0E62800067AEA /* AFSecurityPolicy.h */ = {isa = PBXFileReference; fileEncoding = 4; lastKnownFileType = sourcecode.c.h; path = AFSecurityPolicy.h; sourceTree = "<group>"; };
		18F708B61CC0E62800067AEA /* AFSecurityPolicy.m */ = {isa = PBXFileReference; fileEncoding = 4; lastKnownFileType = sourcecode.c.objc; path = AFSecurityPolicy.m; sourceTree = "<group>"; };
		18F708B71CC0E62800067AEA /* AFURLConnectionOperation.h */ = {isa = PBXFileReference; fileEncoding = 4; lastKnownFileType = sourcecode.c.h; path = AFURLConnectionOperation.h; sourceTree = "<group>"; };
		18F708B81CC0E62800067AEA /* AFURLConnectionOperation.m */ = {isa = PBXFileReference; fileEncoding = 4; lastKnownFileType = sourcecode.c.objc; path = AFURLConnectionOperation.m; sourceTree = "<group>"; };
		18F708B91CC0E62800067AEA /* AFURLRequestSerialization.h */ = {isa = PBXFileReference; fileEncoding = 4; lastKnownFileType = sourcecode.c.h; path = AFURLRequestSerialization.h; sourceTree = "<group>"; };
		18F708BA1CC0E62800067AEA /* AFURLRequestSerialization.m */ = {isa = PBXFileReference; fileEncoding = 4; lastKnownFileType = sourcecode.c.objc; path = AFURLRequestSerialization.m; sourceTree = "<group>"; };
		18F708BB1CC0E62800067AEA /* AFURLResponseSerialization.h */ = {isa = PBXFileReference; fileEncoding = 4; lastKnownFileType = sourcecode.c.h; path = AFURLResponseSerialization.h; sourceTree = "<group>"; };
		18F708BC1CC0E62800067AEA /* AFURLResponseSerialization.m */ = {isa = PBXFileReference; fileEncoding = 4; lastKnownFileType = sourcecode.c.objc; path = AFURLResponseSerialization.m; sourceTree = "<group>"; };
		18F708BD1CC0E62800067AEA /* AFURLSessionManager.h */ = {isa = PBXFileReference; fileEncoding = 4; lastKnownFileType = sourcecode.c.h; path = AFURLSessionManager.h; sourceTree = "<group>"; };
		18F708BE1CC0E62800067AEA /* AFURLSessionManager.m */ = {isa = PBXFileReference; fileEncoding = 4; lastKnownFileType = sourcecode.c.objc; path = AFURLSessionManager.m; sourceTree = "<group>"; };
		18F708C81CC0ECB900067AEA /* ZHSignupViewController.h */ = {isa = PBXFileReference; fileEncoding = 4; lastKnownFileType = sourcecode.c.h; path = ZHSignupViewController.h; sourceTree = "<group>"; };
		18F708C91CC0ECB900067AEA /* ZHSignupViewController.m */ = {isa = PBXFileReference; fileEncoding = 4; lastKnownFileType = sourcecode.c.objc; path = ZHSignupViewController.m; sourceTree = "<group>"; };
		18F70FAA1CC4BA900069A14A /* ZHNetwork.h */ = {isa = PBXFileReference; fileEncoding = 4; lastKnownFileType = sourcecode.c.h; path = ZHNetwork.h; sourceTree = "<group>"; };
		18F70FAB1CC4BA900069A14A /* ZHNetwork.m */ = {isa = PBXFileReference; fileEncoding = 4; lastKnownFileType = sourcecode.c.objc; path = ZHNetwork.m; sourceTree = "<group>"; };
/* End PBXFileReference section */

/* Begin PBXFrameworksBuildPhase section */
		18F3019A1C0D6C4A00D9C398 /* Frameworks */ = {
			isa = PBXFrameworksBuildPhase;
			buildActionMask = 2147483647;
			files = (
				18EF25DA1C25522100873A68 /* libsqlite3.0.dylib in Frameworks */,
				18F301A31C0D6C4A00D9C398 /* CoreGraphics.framework in Frameworks */,
				18F301A51C0D6C4A00D9C398 /* UIKit.framework in Frameworks */,
				18F301A11C0D6C4A00D9C398 /* Foundation.framework in Frameworks */,
			);
			runOnlyForDeploymentPostprocessing = 0;
		};
		18F301B51C0D6C4A00D9C398 /* Frameworks */ = {
			isa = PBXFrameworksBuildPhase;
			buildActionMask = 2147483647;
			files = (
				18F301BA1C0D6C4A00D9C398 /* XCTest.framework in Frameworks */,
				18F301BC1C0D6C4A00D9C398 /* UIKit.framework in Frameworks */,
				18F301BB1C0D6C4A00D9C398 /* Foundation.framework in Frameworks */,
			);
			runOnlyForDeploymentPostprocessing = 0;
		};
/* End PBXFrameworksBuildPhase section */

/* Begin PBXGroup section */
		182A59EA1C33EF2000A07705 /* BottomBar */ = {
			isa = PBXGroup;
			children = (
				182A59EB1C33EF2000A07705 /* ZHBottomBar.h */,
				182A59EC1C33EF2000A07705 /* ZHBottomBar.m */,
				182A59ED1C33EF2000A07705 /* ZHPageBottomBar.h */,
				182A59EE1C33EF2000A07705 /* ZHPageBottomBar.m */,
			);
			path = BottomBar;
			sourceTree = "<group>";
		};
		182A59EF1C33EF2000A07705 /* Cell */ = {
			isa = PBXGroup;
			children = (
				18E510F51CA696DD00B2F157 /* Setting */,
				182A59F01C33EF2000A07705 /* ZHMultiButtonTableViewCell.h */,
				182A59F11C33EF2000A07705 /* ZHMultiButtonTableViewCell.m */,
				182A59F21C33EF2000A07705 /* ZHNoteCell.h */,
				182A59F31C33EF2000A07705 /* ZHNoteCell.m */,
				186D67C71C36A8E7004AA771 /* ZHStickView.h */,
				186D67C81C36A8E7004AA771 /* ZHStickView.m */,
				18049CB81CA936DA00CEFC03 /* ZHLineCell.h */,
				18049CB91CA936DA00CEFC03 /* ZHLineCell.m */,
			);
			path = Cell;
			sourceTree = "<group>";
		};
		182A59F41C33EF2000A07705 /* Search */ = {
			isa = PBXGroup;
			children = (
				182A59F51C33EF2000A07705 /* ZHSearch.h */,
				182A59F61C33EF2000A07705 /* ZHSearch.m */,
				182A59F71C33EF2000A07705 /* ZHSearchBar.h */,
				182A59F81C33EF2000A07705 /* ZHSearchBar.m */,
			);
			path = Search;
			sourceTree = "<group>";
		};
		182A59F91C33EF2000A07705 /* TextView */ = {
			isa = PBXGroup;
			children = (
				182A59FA1C33EF2000A07705 /* ZHHightlightTextView.h */,
				182A59FB1C33EF2000A07705 /* ZHHightlightTextView.m */,
				182A59FC1C33EF2000A07705 /* ZHTextView.h */,
				182A59FD1C33EF2000A07705 /* ZHTextView.m */,
			);
			path = TextView;
			sourceTree = "<group>";
		};
		18A480251CC224EE007271A1 /* Tool */ = {
			isa = PBXGroup;
			children = (
				18A480261CC224F9007271A1 /* ZHUserTool.h */,
				18A480271CC224F9007271A1 /* ZHUserTool.m */,
				18DE8B721CC3672F00E34305 /* ZHSynchronizeTool.h */,
				18DE8B731CC3672F00E34305 /* ZHSynchronizeTool.m */,
				18F70FAA1CC4BA900069A14A /* ZHNetwork.h */,
				18F70FAB1CC4BA900069A14A /* ZHNetwork.m */,
			);
			path = Tool;
			sourceTree = "<group>";
		};
		18B8B8481CA52B27005A7E4C /* LockerView */ = {
			isa = PBXGroup;
			children = (
				18B8B8491CA52B27005A7E4C /* ZHCircleView.h */,
				18B8B84A1CA52B27005A7E4C /* ZHCircleView.m */,
				18B8B84B1CA52B27005A7E4C /* ZHLockerView.h */,
				18B8B84C1CA52B27005A7E4C /* ZHLockerView.m */,
			);
			path = LockerView;
			sourceTree = "<group>";
		};
		18CB3F771CA90047006BEEAA /* Setting */ = {
			isa = PBXGroup;
			children = (
				18E510E31CA67EF100B2F157 /* ZHSettingViewController.h */,
				18E510E41CA67EF100B2F157 /* ZHSettingViewController.m */,
				18EB87511CCF130D0093DCEA /* ZHSettingViewController.strings */,
				18F708981CC088C600067AEA /* ZHLoginViewController.h */,
				18F708991CC088C600067AEA /* ZHLoginViewController.m */,
				18EB87571CCF1C7D0093DCEA /* ZHLoginViewController.strings */,
				18F708C81CC0ECB900067AEA /* ZHSignupViewController.h */,
				18F708C91CC0ECB900067AEA /* ZHSignupViewController.m */,
				18EB875D1CCF1F250093DCEA /* ZHSignupViewController.strings */,
				18CB3F741CA90036006BEEAA /* ZHLockerSettingViewController.h */,
				18CB3F751CA90036006BEEAA /* ZHLockerSettingViewController.m */,
				18EB87691CCF381F0093DCEA /* ZHLockerSettingViewController.strings */,
				18CB3F7C1CA91F3F006BEEAA /* ZHPswdManageViewController.h */,
				18CB3F7D1CA91F3F006BEEAA /* ZHPswdManageViewController.m */,
				18EB876F1CCF3B210093DCEA /* ZHPswdManageViewController.strings */,
			);
			name = Setting;
			sourceTree = "<group>";
		};
		18CB3F781CA90D75006BEEAA /* TipLabel */ = {
			isa = PBXGroup;
			children = (
				18CB3F791CA90D81006BEEAA /* ZHTipLabel.h */,
				18CB3F7A1CA90D81006BEEAA /* ZHTipLabel.m */,
			);
			path = TipLabel;
			sourceTree = "<group>";
		};
		18E510931CA66CD100B2F157 /* Other */ = {
			isa = PBXGroup;
			children = (
				18E510941CA66CD100B2F157 /* Catagory */,
				18E510991CA66CD100B2F157 /* lib */,
				18E510B11CA66CD100B2F157 /* main.m */,
				18E510B21CA66CD100B2F157 /* Notes-Prefix.pch */,
				18E510B31CA66CD100B2F157 /* ZHAppDelegate.h */,
				18E510B41CA66CD100B2F157 /* ZHAppDelegate.m */,
			);
			path = Other;
			sourceTree = "<group>";
		};
		18E510941CA66CD100B2F157 /* Catagory */ = {
			isa = PBXGroup;
			children = (
				18E510951CA66CD100B2F157 /* NSDate+ZH.h */,
				18E510961CA66CD100B2F157 /* NSDate+ZH.m */,
				18E510971CA66CD100B2F157 /* NSString+ZH.h */,
				18E510981CA66CD100B2F157 /* NSString+ZH.m */,
			);
			path = Catagory;
			sourceTree = "<group>";
		};
		18E510991CA66CD100B2F157 /* lib */ = {
			isa = PBXGroup;
			children = (
				18A480251CC224EE007271A1 /* Tool */,
				18F708AB1CC0E62800067AEA /* AFNetworking */,
				18F708A21CC0DFF600067AEA /* MBProgressHUD */,
				18E5109A1CA66CD100B2F157 /* fmdb */,
				18E510AA1CA66CD100B2F157 /* ZHHierarchy */,
				18E510A61CA66CD100B2F157 /* ZHDataUtil.h */,
				18E510A71CA66CD100B2F157 /* ZHDataUtil.m */,
				18E510A81CA66CD100B2F157 /* ZHDBUtil.h */,
				18E510A91CA66CD100B2F157 /* ZHDBUtil.m */,
				18E510AF1CA66CD100B2F157 /* ZHKeyboardJudge.h */,
				18E510B01CA66CD100B2F157 /* ZHKeyboardJudge.m */,
				18E510C61CA66E3500B2F157 /* ZHLocker.h */,
				18E510C71CA66E3500B2F157 /* ZHLocker.m */,
			);
			path = lib;
			sourceTree = "<group>";
		};
		18E5109A1CA66CD100B2F157 /* fmdb */ = {
			isa = PBXGroup;
			children = (
				18E5109B1CA66CD100B2F157 /* FMDatabase.h */,
				18E5109C1CA66CD100B2F157 /* FMDatabase.m */,
				18E5109D1CA66CD100B2F157 /* FMDatabaseAdditions.h */,
				18E5109E1CA66CD100B2F157 /* FMDatabaseAdditions.m */,
				18E5109F1CA66CD100B2F157 /* FMDatabasePool.h */,
				18E510A01CA66CD100B2F157 /* FMDatabasePool.m */,
				18E510A11CA66CD100B2F157 /* FMDatabaseQueue.h */,
				18E510A21CA66CD100B2F157 /* FMDatabaseQueue.m */,
				18E510A31CA66CD100B2F157 /* FMDB.h */,
				18E510A41CA66CD100B2F157 /* FMResultSet.h */,
				18E510A51CA66CD100B2F157 /* FMResultSet.m */,
			);
			path = fmdb;
			sourceTree = "<group>";
		};
		18E510AA1CA66CD100B2F157 /* ZHHierarchy */ = {
			isa = PBXGroup;
			children = (
				18E510AB1CA66CD100B2F157 /* ZHHierarchy+ZHViewHierarchy.h */,
				18E510AC1CA66CD100B2F157 /* ZHHierarchy+ZHViewHierarchy.m */,
				18E510AD1CA66CD100B2F157 /* ZHHierarchy.h */,
				18E510AE1CA66CD100B2F157 /* ZHHierarchy.m */,
			);
			path = ZHHierarchy;
			sourceTree = "<group>";
		};
		18E510F51CA696DD00B2F157 /* Setting */ = {
			isa = PBXGroup;
			children = (
				18F5C74E1CA8F962002F2E9D /* ZHSettingCell.h */,
				18F5C74F1CA8F962002F2E9D /* ZHSettingCell.m */,
				18E510F61CA696DD00B2F157 /* ZHLabelCell.h */,
				18E510F71CA696DD00B2F157 /* ZHLabelCell.m */,
				18E510FC1CA696F200B2F157 /* ZHLabel.h */,
				18E510FD1CA696F200B2F157 /* ZHLabel.m */,
				18E510F81CA696DD00B2F157 /* ZHSwitchCell.h */,
				18E510F91CA696DD00B2F157 /* ZHSwitchCell.m */,
			);
			path = Setting;
			sourceTree = "<group>";
		};
		18EDC18D1CC5FDCF00337C00 /* AlertView */ = {
			isa = PBXGroup;
			children = (
				18EDC18E1CC5FDCF00337C00 /* UIAlertView+Block.h */,
				18EDC18F1CC5FDCF00337C00 /* UIAlertView+Block.m */,
			);
			path = AlertView;
			sourceTree = "<group>";
		};
		18F301941C0D6C4A00D9C398 = {
			isa = PBXGroup;
			children = (
				18F301A61C0D6C4A00D9C398 /* Notes */,
				18F301BF1C0D6C4A00D9C398 /* NotesTests */,
				18F3019F1C0D6C4A00D9C398 /* Frameworks */,
				18F3019E1C0D6C4A00D9C398 /* Products */,
			);
			sourceTree = "<group>";
		};
		18F3019E1C0D6C4A00D9C398 /* Products */ = {
			isa = PBXGroup;
			children = (
				18F3019D1C0D6C4A00D9C398 /* Notes.app */,
				18F301B81C0D6C4A00D9C398 /* NotesTests.xctest */,
			);
			name = Products;
			sourceTree = "<group>";
		};
		18F3019F1C0D6C4A00D9C398 /* Frameworks */ = {
			isa = PBXGroup;
			children = (
				18EF25D91C25522100873A68 /* libsqlite3.0.dylib */,
				18F301A01C0D6C4A00D9C398 /* Foundation.framework */,
				18F301A21C0D6C4A00D9C398 /* CoreGraphics.framework */,
				18F301A41C0D6C4A00D9C398 /* UIKit.framework */,
				18F301B91C0D6C4A00D9C398 /* XCTest.framework */,
			);
			name = Frameworks;
			sourceTree = "<group>";
		};
		18F301A61C0D6C4A00D9C398 /* Notes */ = {
			isa = PBXGroup;
			children = (
				18F301D41C0D6E1500D9C398 /* Classes */,
				18F301B21C0D6C4A00D9C398 /* Images.xcassets */,
				18F301A71C0D6C4A00D9C398 /* Supporting Files */,
			);
			path = Notes;
			sourceTree = "<group>";
		};
		18F301A71C0D6C4A00D9C398 /* Supporting Files */ = {
			isa = PBXGroup;
			children = (
				18F301A81C0D6C4A00D9C398 /* Notes-Info.plist */,
				18F301A91C0D6C4A00D9C398 /* InfoPlist.strings */,
			);
			name = "Supporting Files";
			sourceTree = "<group>";
		};
		18F301BF1C0D6C4A00D9C398 /* NotesTests */ = {
			isa = PBXGroup;
			children = (
				18F301C51C0D6C4A00D9C398 /* NotesTests.m */,
				18F301C01C0D6C4A00D9C398 /* Supporting Files */,
			);
			path = NotesTests;
			sourceTree = "<group>";
		};
		18F301C01C0D6C4A00D9C398 /* Supporting Files */ = {
			isa = PBXGroup;
			children = (
				18F301C11C0D6C4A00D9C398 /* NotesTests-Info.plist */,
				18F301C21C0D6C4A00D9C398 /* InfoPlist.strings */,
			);
			name = "Supporting Files";
			sourceTree = "<group>";
		};
		18F301D41C0D6E1500D9C398 /* Classes */ = {
			isa = PBXGroup;
			children = (
				18F301D51C0D6E1500D9C398 /* Controller */,
				18F301D61C0D6E1500D9C398 /* Model */,
				18F301DC1C0D6E1500D9C398 /* View */,
				18E510931CA66CD100B2F157 /* Other */,
			);
			path = Classes;
			sourceTree = "<group>";
		};
		18F301D51C0D6E1500D9C398 /* Controller */ = {
			isa = PBXGroup;
			children = (
				18CB3F771CA90047006BEEAA /* Setting */,
				18F301DF1C0D6ED500D9C398 /* ZHNavigationController.h */,
				18F301E01C0D6ED500D9C398 /* ZHNavigationController.m */,
				18F301E21C0D6EFF00D9C398 /* ZHTableViewController.h */,
				18F301E31C0D6EFF00D9C398 /* ZHTableViewController.m */,
				18EB87751CCF3F900093DCEA /* ZHTableViewController.strings */,
				187434221C9FA306001A50FC /* ZHUnLockerViewController.h */,
				187434231C9FA306001A50FC /* ZHUnLockerViewController.m */,
				183A70501C2BC7B70043F552 /* ZHDetailNoteViewController.h */,
				183A70511C2BC7B70043F552 /* ZHDetailNoteViewController.m */,
				185794BB1C1463B10050F62D /* ZHScanEditViewController.h */,
				185794BC1C1463B10050F62D /* ZHScanEditViewController.m */,
				185794BE1C1467460050F62D /* ZHNewViewController.h */,
				185794BF1C1467460050F62D /* ZHNewViewController.m */,
			);
			path = Controller;
			sourceTree = "<group>";
		};
		18F301D61C0D6E1500D9C398 /* Model */ = {
			isa = PBXGroup;
			children = (
				18981A061C0D88BB00D5AE9F /* ZHNote.h */,
				18981A071C0D88BB00D5AE9F /* ZHNote.m */,
				18A4801E1CC22245007271A1 /* ZHUser.h */,
				18A4801F1CC22245007271A1 /* ZHUser.m */,
			);
			path = Model;
			sourceTree = "<group>";
		};
		18F301DC1C0D6E1500D9C398 /* View */ = {
			isa = PBXGroup;
			children = (
				18EDC18D1CC5FDCF00337C00 /* AlertView */,
				18F7089B1CC08B3D00067AEA /* Account */,
				18CB3F781CA90D75006BEEAA /* TipLabel */,
				18B8B8481CA52B27005A7E4C /* LockerView */,
				182A59EA1C33EF2000A07705 /* BottomBar */,
				182A59EF1C33EF2000A07705 /* Cell */,
				182A59F41C33EF2000A07705 /* Search */,
				182A59F91C33EF2000A07705 /* TextView */,
			);
			path = View;
			sourceTree = "<group>";
		};
		18F7089B1CC08B3D00067AEA /* Account */ = {
			isa = PBXGroup;
			children = (
				18EB55001CC1F63400057F98 /* ZHSignupView.h */,
				18EB55011CC1F63400057F98 /* ZHSignupView.m */,
				1855A6E61CC20B7D0034928D /* ZHSignUpTextField.h */,
				1855A6E71CC20B7D0034928D /* ZHSignUpTextField.m */,
				18F7089C1CC08B7800067AEA /* ZHLoginView.h */,
				18F7089D1CC08B7800067AEA /* ZHLoginView.m */,
				18F7089F1CC0CB6E00067AEA /* ZHTextField.h */,
				18F708A01CC0CB6E00067AEA /* ZHTextField.m */,
				18EB55031CC1F91000057F98 /* ZHBottomLineTextField.h */,
				18EB55041CC1F91000057F98 /* ZHBottomLineTextField.m */,
			);
			path = Account;
			sourceTree = "<group>";
		};
		18F708A21CC0DFF600067AEA /* MBProgressHUD */ = {
			isa = PBXGroup;
			children = (
				18F708A31CC0DFF600067AEA /* MBProgressHUD+MJ.h */,
				18F708A41CC0DFF600067AEA /* MBProgressHUD+MJ.m */,
				18F708A51CC0DFF600067AEA /* MBProgressHUD.bundle */,
				18F708A61CC0DFF600067AEA /* MBProgressHUD.h */,
				18F708A71CC0DFF600067AEA /* MBProgressHUD.m */,
			);
			path = MBProgressHUD;
			sourceTree = "<group>";
		};
		18F708AB1CC0E62800067AEA /* AFNetworking */ = {
			isa = PBXGroup;
			children = (
				18F708AC1CC0E62800067AEA /* AFHTTPRequestOperation.h */,
				18F708AD1CC0E62800067AEA /* AFHTTPRequestOperation.m */,
				18F708AE1CC0E62800067AEA /* AFHTTPRequestOperationManager.h */,
				18F708AF1CC0E62800067AEA /* AFHTTPRequestOperationManager.m */,
				18F708B01CC0E62800067AEA /* AFHTTPSessionManager.h */,
				18F708B11CC0E62800067AEA /* AFHTTPSessionManager.m */,
				18F708B21CC0E62800067AEA /* AFNetworking.h */,
				18F708B31CC0E62800067AEA /* AFNetworkReachabilityManager.h */,
				18F708B41CC0E62800067AEA /* AFNetworkReachabilityManager.m */,
				18F708B51CC0E62800067AEA /* AFSecurityPolicy.h */,
				18F708B61CC0E62800067AEA /* AFSecurityPolicy.m */,
				18F708B71CC0E62800067AEA /* AFURLConnectionOperation.h */,
				18F708B81CC0E62800067AEA /* AFURLConnectionOperation.m */,
				18F708B91CC0E62800067AEA /* AFURLRequestSerialization.h */,
				18F708BA1CC0E62800067AEA /* AFURLRequestSerialization.m */,
				18F708BB1CC0E62800067AEA /* AFURLResponseSerialization.h */,
				18F708BC1CC0E62800067AEA /* AFURLResponseSerialization.m */,
				18F708BD1CC0E62800067AEA /* AFURLSessionManager.h */,
				18F708BE1CC0E62800067AEA /* AFURLSessionManager.m */,
			);
			path = AFNetworking;
			sourceTree = "<group>";
		};
/* End PBXGroup section */

/* Begin PBXNativeTarget section */
		18F3019C1C0D6C4A00D9C398 /* Notes */ = {
			isa = PBXNativeTarget;
			buildConfigurationList = 18F301C91C0D6C4A00D9C398 /* Build configuration list for PBXNativeTarget "Notes" */;
			buildPhases = (
				18F301991C0D6C4A00D9C398 /* Sources */,
				18F3019A1C0D6C4A00D9C398 /* Frameworks */,
				18F3019B1C0D6C4A00D9C398 /* Resources */,
			);
			buildRules = (
			);
			dependencies = (
			);
			name = Notes;
			productName = Notes;
			productReference = 18F3019D1C0D6C4A00D9C398 /* Notes.app */;
			productType = "com.apple.product-type.application";
		};
		18F301B71C0D6C4A00D9C398 /* NotesTests */ = {
			isa = PBXNativeTarget;
			buildConfigurationList = 18F301CC1C0D6C4A00D9C398 /* Build configuration list for PBXNativeTarget "NotesTests" */;
			buildPhases = (
				18F301B41C0D6C4A00D9C398 /* Sources */,
				18F301B51C0D6C4A00D9C398 /* Frameworks */,
				18F301B61C0D6C4A00D9C398 /* Resources */,
			);
			buildRules = (
			);
			dependencies = (
				18F301BE1C0D6C4A00D9C398 /* PBXTargetDependency */,
			);
			name = NotesTests;
			productName = NotesTests;
			productReference = 18F301B81C0D6C4A00D9C398 /* NotesTests.xctest */;
			productType = "com.apple.product-type.bundle.unit-test";
		};
/* End PBXNativeTarget section */

/* Begin PBXProject section */
		18F301951C0D6C4A00D9C398 /* Project object */ = {
			isa = PBXProject;
			attributes = {
				CLASSPREFIX = ZH;
				LastUpgradeCheck = 0510;
				ORGANIZATIONNAME = swjtu;
				TargetAttributes = {
					18F301B71C0D6C4A00D9C398 = {
						TestTargetID = 18F3019C1C0D6C4A00D9C398;
					};
				};
			};
			buildConfigurationList = 18F301981C0D6C4A00D9C398 /* Build configuration list for PBXProject "Notes" */;
			compatibilityVersion = "Xcode 3.2";
			developmentRegion = English;
			hasScannedForEncodings = 0;
			knownRegions = (
				en,
				"zh-Hans",
			);
			mainGroup = 18F301941C0D6C4A00D9C398;
			productRefGroup = 18F3019E1C0D6C4A00D9C398 /* Products */;
			projectDirPath = "";
			projectRoot = "";
			targets = (
				18F3019C1C0D6C4A00D9C398 /* Notes */,
				18F301B71C0D6C4A00D9C398 /* NotesTests */,
			);
		};
/* End PBXProject section */

/* Begin PBXResourcesBuildPhase section */
		18F3019B1C0D6C4A00D9C398 /* Resources */ = {
			isa = PBXResourcesBuildPhase;
			buildActionMask = 2147483647;
			files = (
				18F301AB1C0D6C4A00D9C398 /* InfoPlist.strings in Resources */,
				18F301B31C0D6C4A00D9C398 /* Images.xcassets in Resources */,
				18EB876D1CCF3B210093DCEA /* ZHPswdManageViewController.strings in Resources */,
				18EB874F1CCF130D0093DCEA /* ZHSettingViewController.strings in Resources */,
				18EB87551CCF1C7D0093DCEA /* ZHLoginViewController.strings in Resources */,
				18F708A91CC0DFF600067AEA /* MBProgressHUD.bundle in Resources */,
				18EB875B1CCF1F250093DCEA /* ZHSignupViewController.strings in Resources */,
				18EB87731CCF3F900093DCEA /* ZHTableViewController.strings in Resources */,
				18EB87671CCF381F0093DCEA /* ZHLockerSettingViewController.strings in Resources */,
			);
			runOnlyForDeploymentPostprocessing = 0;
		};
		18F301B61C0D6C4A00D9C398 /* Resources */ = {
			isa = PBXResourcesBuildPhase;
			buildActionMask = 2147483647;
			files = (
				18F301C41C0D6C4A00D9C398 /* InfoPlist.strings in Resources */,
			);
			runOnlyForDeploymentPostprocessing = 0;
		};
/* End PBXResourcesBuildPhase section */

/* Begin PBXSourcesBuildPhase section */
		18F301991C0D6C4A00D9C398 /* Sources */ = {
			isa = PBXSourcesBuildPhase;
			buildActionMask = 2147483647;
			files = (
				18E510BD1CA66CD100B2F157 /* ZHDBUtil.m in Sources */,
				18981A081C0D88BB00D5AE9F /* ZHNote.m in Sources */,
				183A70521C2BC7B70043F552 /* ZHDetailNoteViewController.m in Sources */,
				18E510C81CA66E3500B2F157 /* ZHLocker.m in Sources */,
				18F708C61CC0E62800067AEA /* AFURLResponseSerialization.m in Sources */,
				186D67C91C36A8E7004AA771 /* ZHStickView.m in Sources */,
				18E510FA1CA696DD00B2F157 /* ZHLabelCell.m in Sources */,
				18E510B91CA66CD100B2F157 /* FMDatabasePool.m in Sources */,
				18E510B71CA66CD100B2F157 /* FMDatabase.m in Sources */,
				182A59FE1C33EF2000A07705 /* ZHBottomBar.m in Sources */,
				18B8B84E1CA52B27005A7E4C /* ZHLockerView.m in Sources */,
				18E510C21CA66CD100B2F157 /* ZHAppDelegate.m in Sources */,
				18E510BE1CA66CD100B2F157 /* ZHHierarchy+ZHViewHierarchy.m in Sources */,
				18F301E11C0D6ED500D9C398 /* ZHNavigationController.m in Sources */,
				18F708A81CC0DFF600067AEA /* MBProgressHUD+MJ.m in Sources */,
				18E510FE1CA696F200B2F157 /* ZHLabel.m in Sources */,
				18E510B81CA66CD100B2F157 /* FMDatabaseAdditions.m in Sources */,
				18F708C71CC0E62800067AEA /* AFURLSessionManager.m in Sources */,
				182A5A011C33EF2000A07705 /* ZHNoteCell.m in Sources */,
				187434241C9FA306001A50FC /* ZHUnLockerViewController.m in Sources */,
				18F7089E1CC08B7800067AEA /* ZHLoginView.m in Sources */,
				18CB3F7E1CA91F3F006BEEAA /* ZHPswdManageViewController.m in Sources */,
				18EDC1901CC5FDCF00337C00 /* UIAlertView+Block.m in Sources */,
				18E510C11CA66CD100B2F157 /* main.m in Sources */,
				18F708CA1CC0ECB900067AEA /* ZHSignupViewController.m in Sources */,
				182A59FF1C33EF2000A07705 /* ZHPageBottomBar.m in Sources */,
				18EB55051CC1F91000057F98 /* ZHBottomLineTextField.m in Sources */,
				18E510E51CA67EF100B2F157 /* ZHSettingViewController.m in Sources */,
				1855A6E81CC20B7D0034928D /* ZHSignUpTextField.m in Sources */,
				18F5C7501CA8F962002F2E9D /* ZHSettingCell.m in Sources */,
				18E510B61CA66CD100B2F157 /* NSString+ZH.m in Sources */,
				18CB3F7B1CA90D81006BEEAA /* ZHTipLabel.m in Sources */,
				18CB3F761CA90036006BEEAA /* ZHLockerSettingViewController.m in Sources */,
				18F708C51CC0E62800067AEA /* AFURLRequestSerialization.m in Sources */,
				182A5A051C33EF2000A07705 /* ZHTextView.m in Sources */,
				18F708C21CC0E62800067AEA /* AFNetworkReachabilityManager.m in Sources */,
				185794BD1C1463B10050F62D /* ZHScanEditViewController.m in Sources */,
				18E510B51CA66CD100B2F157 /* NSDate+ZH.m in Sources */,
				182A5A041C33EF2000A07705 /* ZHHightlightTextView.m in Sources */,
				18E510BA1CA66CD100B2F157 /* FMDatabaseQueue.m in Sources */,
				182A5A021C33EF2000A07705 /* ZHSearch.m in Sources */,
				18A480201CC22245007271A1 /* ZHUser.m in Sources */,
				18DE8B741CC3672F00E34305 /* ZHSynchronizeTool.m in Sources */,
				18F708A11CC0CB6E00067AEA /* ZHTextField.m in Sources */,
				18E510BC1CA66CD100B2F157 /* ZHDataUtil.m in Sources */,
				18EB55021CC1F63400057F98 /* ZHSignupView.m in Sources */,
				18A480281CC224F9007271A1 /* ZHUserTool.m in Sources */,
				18E510BB1CA66CD100B2F157 /* FMResultSet.m in Sources */,
				18F708BF1CC0E62800067AEA /* AFHTTPRequestOperation.m in Sources */,
				18F708C11CC0E62800067AEA /* AFHTTPSessionManager.m in Sources */,
				182A5A001C33EF2000A07705 /* ZHMultiButtonTableViewCell.m in Sources */,
				18F70FAC1CC4BA900069A14A /* ZHNetwork.m in Sources */,
				18F301E41C0D6EFF00D9C398 /* ZHTableViewController.m in Sources */,
				185794C01C1467460050F62D /* ZHNewViewController.m in Sources */,
				18F7089A1CC088C600067AEA /* ZHLoginViewController.m in Sources */,
				18E510BF1CA66CD100B2F157 /* ZHHierarchy.m in Sources */,
				18049CBA1CA936DA00CEFC03 /* ZHLineCell.m in Sources */,
				182A5A031C33EF2000A07705 /* ZHSearchBar.m in Sources */,
				18E510FB1CA696DD00B2F157 /* ZHSwitchCell.m in Sources */,
				18E510C01CA66CD100B2F157 /* ZHKeyboardJudge.m in Sources */,
				18F708C31CC0E62800067AEA /* AFSecurityPolicy.m in Sources */,
				18F708C01CC0E62800067AEA /* AFHTTPRequestOperationManager.m in Sources */,
				18F708C41CC0E62800067AEA /* AFURLConnectionOperation.m in Sources */,
				18B8B84D1CA52B27005A7E4C /* ZHCircleView.m in Sources */,
				18F708AA1CC0DFF600067AEA /* MBProgressHUD.m in Sources */,
			);
			runOnlyForDeploymentPostprocessing = 0;
		};
		18F301B41C0D6C4A00D9C398 /* Sources */ = {
			isa = PBXSourcesBuildPhase;
			buildActionMask = 2147483647;
			files = (
				18F301C61C0D6C4A00D9C398 /* NotesTests.m in Sources */,
			);
			runOnlyForDeploymentPostprocessing = 0;
		};
/* End PBXSourcesBuildPhase section */

/* Begin PBXTargetDependency section */
		18F301BE1C0D6C4A00D9C398 /* PBXTargetDependency */ = {
			isa = PBXTargetDependency;
			target = 18F3019C1C0D6C4A00D9C398 /* Notes */;
			targetProxy = 18F301BD1C0D6C4A00D9C398 /* PBXContainerItemProxy */;
		};
/* End PBXTargetDependency section */

/* Begin PBXVariantGroup section */
		18EB87511CCF130D0093DCEA /* ZHSettingViewController.strings */ = {
			isa = PBXVariantGroup;
			children = (
				18EB87501CCF130D0093DCEA /* en */,
				18EB87521CCF13100093DCEA /* zh-Hans */,
			);
			name = ZHSettingViewController.strings;
			sourceTree = "<group>";
		};
		18EB87571CCF1C7D0093DCEA /* ZHLoginViewController.strings */ = {
			isa = PBXVariantGroup;
			children = (
				18EB87561CCF1C7D0093DCEA /* en */,
				18EB87581CCF1C7F0093DCEA /* zh-Hans */,
			);
			name = ZHLoginViewController.strings;
			sourceTree = "<group>";
		};
		18EB875D1CCF1F250093DCEA /* ZHSignupViewController.strings */ = {
			isa = PBXVariantGroup;
			children = (
				18EB875C1CCF1F250093DCEA /* en */,
				18EB875E1CCF1F2A0093DCEA /* zh-Hans */,
			);
			name = ZHSignupViewController.strings;
			sourceTree = "<group>";
		};
		18EB87691CCF381F0093DCEA /* ZHLockerSettingViewController.strings */ = {
			isa = PBXVariantGroup;
			children = (
				18EB87681CCF381F0093DCEA /* en */,
				18EB876A1CCF38210093DCEA /* zh-Hans */,
			);
			name = ZHLockerSettingViewController.strings;
			sourceTree = "<group>";
		};
		18EB876F1CCF3B210093DCEA /* ZHPswdManageViewController.strings */ = {
			isa = PBXVariantGroup;
			children = (
				18EB876E1CCF3B210093DCEA /* en */,
				18EB87701CCF3B240093DCEA /* zh-Hans */,
			);
			name = ZHPswdManageViewController.strings;
			sourceTree = "<group>";
		};
		18EB87751CCF3F900093DCEA /* ZHTableViewController.strings */ = {
			isa = PBXVariantGroup;
			children = (
				18EB87741CCF3F900093DCEA /* en */,
				18EB87761CCF3F920093DCEA /* zh-Hans */,
			);
			name = ZHTableViewController.strings;
			sourceTree = "<group>";
		};
		18F301A91C0D6C4A00D9C398 /* InfoPlist.strings */ = {
			isa = PBXVariantGroup;
			children = (
				18F301AA1C0D6C4A00D9C398 /* en */,
				18EB874B1CCF04330093DCEA /* zh-Hans */,
			);
			name = InfoPlist.strings;
			sourceTree = "<group>";
		};
		18F301C21C0D6C4A00D9C398 /* InfoPlist.strings */ = {
			isa = PBXVariantGroup;
			children = (
				18F301C31C0D6C4A00D9C398 /* en */,
				18EB874C1CCF04330093DCEA /* zh-Hans */,
			);
			name = InfoPlist.strings;
			sourceTree = "<group>";
		};
/* End PBXVariantGroup section */

/* Begin XCBuildConfiguration section */
		18F301C71C0D6C4A00D9C398 /* Debug */ = {
			isa = XCBuildConfiguration;
			buildSettings = {
				ALWAYS_SEARCH_USER_PATHS = NO;
				CLANG_CXX_LANGUAGE_STANDARD = "gnu++0x";
				CLANG_CXX_LIBRARY = "libc++";
				CLANG_ENABLE_MODULES = YES;
				CLANG_ENABLE_OBJC_ARC = YES;
				CLANG_WARN_BOOL_CONVERSION = YES;
				CLANG_WARN_CONSTANT_CONVERSION = YES;
				CLANG_WARN_DIRECT_OBJC_ISA_USAGE = YES_ERROR;
				CLANG_WARN_EMPTY_BODY = YES;
				CLANG_WARN_ENUM_CONVERSION = YES;
				CLANG_WARN_INT_CONVERSION = YES;
				CLANG_WARN_OBJC_ROOT_CLASS = YES_ERROR;
				CLANG_WARN__DUPLICATE_METHOD_MATCH = YES;
				"CODE_SIGN_IDENTITY[sdk=iphoneos*]" = "iPhone Developer";
				COPY_PHASE_STRIP = NO;
				GCC_C_LANGUAGE_STANDARD = gnu99;
				GCC_DYNAMIC_NO_PIC = NO;
				GCC_OPTIMIZATION_LEVEL = 0;
				GCC_PREPROCESSOR_DEFINITIONS = (
					"DEBUG=1",
					"$(inherited)",
				);
				GCC_SYMBOLS_PRIVATE_EXTERN = NO;
				GCC_WARN_64_TO_32_BIT_CONVERSION = YES;
				GCC_WARN_ABOUT_RETURN_TYPE = YES_ERROR;
				GCC_WARN_UNDECLARED_SELECTOR = YES;
				GCC_WARN_UNINITIALIZED_AUTOS = YES_AGGRESSIVE;
				GCC_WARN_UNUSED_FUNCTION = YES;
				GCC_WARN_UNUSED_VARIABLE = YES;
				IPHONEOS_DEPLOYMENT_TARGET = 7.1;
				ONLY_ACTIVE_ARCH = YES;
				SDKROOT = iphoneos;
			};
			name = Debug;
		};
		18F301C81C0D6C4A00D9C398 /* Release */ = {
			isa = XCBuildConfiguration;
			buildSettings = {
				ALWAYS_SEARCH_USER_PATHS = NO;
				CLANG_CXX_LANGUAGE_STANDARD = "gnu++0x";
				CLANG_CXX_LIBRARY = "libc++";
				CLANG_ENABLE_MODULES = YES;
				CLANG_ENABLE_OBJC_ARC = YES;
				CLANG_WARN_BOOL_CONVERSION = YES;
				CLANG_WARN_CONSTANT_CONVERSION = YES;
				CLANG_WARN_DIRECT_OBJC_ISA_USAGE = YES_ERROR;
				CLANG_WARN_EMPTY_BODY = YES;
				CLANG_WARN_ENUM_CONVERSION = YES;
				CLANG_WARN_INT_CONVERSION = YES;
				CLANG_WARN_OBJC_ROOT_CLASS = YES_ERROR;
				CLANG_WARN__DUPLICATE_METHOD_MATCH = YES;
				"CODE_SIGN_IDENTITY[sdk=iphoneos*]" = "iPhone Developer";
				COPY_PHASE_STRIP = YES;
				ENABLE_NS_ASSERTIONS = NO;
				GCC_C_LANGUAGE_STANDARD = gnu99;
				GCC_WARN_64_TO_32_BIT_CONVERSION = YES;
				GCC_WARN_ABOUT_RETURN_TYPE = YES_ERROR;
				GCC_WARN_UNDECLARED_SELECTOR = YES;
				GCC_WARN_UNINITIALIZED_AUTOS = YES_AGGRESSIVE;
				GCC_WARN_UNUSED_FUNCTION = YES;
				GCC_WARN_UNUSED_VARIABLE = YES;
				IPHONEOS_DEPLOYMENT_TARGET = 7.1;
				SDKROOT = iphoneos;
				VALIDATE_PRODUCT = YES;
			};
			name = Release;
		};
		18F301CA1C0D6C4A00D9C398 /* Debug */ = {
			isa = XCBuildConfiguration;
			buildSettings = {
				ASSETCATALOG_COMPILER_APPICON_NAME = AppIcon;
				ASSETCATALOG_COMPILER_LAUNCHIMAGE_NAME = LaunchImage;
				GCC_PRECOMPILE_PREFIX_HEADER = YES;
				GCC_PREFIX_HEADER = "Notes/Classes/Other/Notes-Prefix.pch";
				INFOPLIST_FILE = "Notes/Notes-Info.plist";
				IPHONEOS_DEPLOYMENT_TARGET = 7.1;
				PRODUCT_NAME = "$(TARGET_NAME)";
				WRAPPER_EXTENSION = app;
			};
			name = Debug;
		};
		18F301CB1C0D6C4A00D9C398 /* Release */ = {
			isa = XCBuildConfiguration;
			buildSettings = {
				ASSETCATALOG_COMPILER_APPICON_NAME = AppIcon;
				ASSETCATALOG_COMPILER_LAUNCHIMAGE_NAME = LaunchImage;
				GCC_PRECOMPILE_PREFIX_HEADER = YES;
				GCC_PREFIX_HEADER = "Notes/Classes/Other/Notes-Prefix.pch";
				INFOPLIST_FILE = "Notes/Notes-Info.plist";
				IPHONEOS_DEPLOYMENT_TARGET = 7.1;
				PRODUCT_NAME = "$(TARGET_NAME)";
				WRAPPER_EXTENSION = app;
			};
			name = Release;
		};
		18F301CD1C0D6C4A00D9C398 /* Debug */ = {
			isa = XCBuildConfiguration;
			buildSettings = {
				BUNDLE_LOADER = "$(BUILT_PRODUCTS_DIR)/Notes.app/Notes";
				FRAMEWORK_SEARCH_PATHS = (
					"$(SDKROOT)/Developer/Library/Frameworks",
					"$(inherited)",
					"$(DEVELOPER_FRAMEWORKS_DIR)",
				);
				GCC_PRECOMPILE_PREFIX_HEADER = YES;
				GCC_PREFIX_HEADER = "Notes/Notes-Prefix.pch";
				GCC_PREPROCESSOR_DEFINITIONS = (
					"DEBUG=1",
					"$(inherited)",
				);
				INFOPLIST_FILE = "NotesTests/NotesTests-Info.plist";
				PRODUCT_NAME = "$(TARGET_NAME)";
				TEST_HOST = "$(BUNDLE_LOADER)";
				WRAPPER_EXTENSION = xctest;
			};
			name = Debug;
		};
		18F301CE1C0D6C4A00D9C398 /* Release */ = {
			isa = XCBuildConfiguration;
			buildSettings = {
				BUNDLE_LOADER = "$(BUILT_PRODUCTS_DIR)/Notes.app/Notes";
				FRAMEWORK_SEARCH_PATHS = (
					"$(SDKROOT)/Developer/Library/Frameworks",
					"$(inherited)",
					"$(DEVELOPER_FRAMEWORKS_DIR)",
				);
				GCC_PRECOMPILE_PREFIX_HEADER = YES;
				GCC_PREFIX_HEADER = "Notes/Notes-Prefix.pch";
				INFOPLIST_FILE = "NotesTests/NotesTests-Info.plist";
				PRODUCT_NAME = "$(TARGET_NAME)";
				TEST_HOST = "$(BUNDLE_LOADER)";
				WRAPPER_EXTENSION = xctest;
			};
			name = Release;
		};
/* End XCBuildConfiguration section */

/* Begin XCConfigurationList section */
		18F301981C0D6C4A00D9C398 /* Build configuration list for PBXProject "Notes" */ = {
			isa = XCConfigurationList;
			buildConfigurations = (
				18F301C71C0D6C4A00D9C398 /* Debug */,
				18F301C81C0D6C4A00D9C398 /* Release */,
			);
			defaultConfigurationIsVisible = 0;
			defaultConfigurationName = Release;
		};
		18F301C91C0D6C4A00D9C398 /* Build configuration list for PBXNativeTarget "Notes" */ = {
			isa = XCConfigurationList;
			buildConfigurations = (
				18F301CA1C0D6C4A00D9C398 /* Debug */,
				18F301CB1C0D6C4A00D9C398 /* Release */,
			);
			defaultConfigurationIsVisible = 0;
			defaultConfigurationName = Release;
		};
		18F301CC1C0D6C4A00D9C398 /* Build configuration list for PBXNativeTarget "NotesTests" */ = {
			isa = XCConfigurationList;
			buildConfigurations = (
				18F301CD1C0D6C4A00D9C398 /* Debug */,
				18F301CE1C0D6C4A00D9C398 /* Release */,
			);
			defaultConfigurationIsVisible = 0;
			defaultConfigurationName = Release;
		};
/* End XCConfigurationList section */
	};
	rootObject = 18F301951C0D6C4A00D9C398 /* Project object */;
}
